
Microsoft Visual Studio Solution File, Format Version 12.00
# Visual Studio Version 17
VisualStudioVersion = 17.5.002.0
MinimumVisualStudioVersion = 10.0.40219.1
Project("{9A19103F-16F7-4668-BE54-9A1E7A4F7556}") = "MyRazorApp", "MyRazorApp\MyRazorApp.csproj", "{7CB9CD31-512E-4287-860F-C83AE0DAF0C8}"
EndProject
Global
	GlobalSection(SolutionConfigurationPlatforms) = preSolution
		Debug|Any CPU = Debug|Any CPU
		Release|Any CPU = Release|Any CPU
	EndGlobalSection
	GlobalSection(ProjectConfigurationPlatforms) = postSolution
		{7CB9CD31-512E-4287-860F-C83AE0DAF0C8}.Debug|Any CPU.ActiveCfg = Debug|Any CPU
		{7CB9CD31-512E-4287-860F-C83AE0DAF0C8}.Debug|Any CPU.Build.0 = Debug|Any CPU
		{7CB9CD31-512E-4287-860F-C83AE0DAF0C8}.Release|Any CPU.ActiveCfg = Release|Any CPU
		{7CB9CD31-512E-4287-860F-C83AE0DAF0C8}.Release|Any CPU.Build.0 = Release|Any CPU
	EndGlobalSection
	GlobalSection(SolutionProperties) = preSolution
		HideSolutionNode = FALSE
	EndGlobalSection
	GlobalSection(ExtensibilityGlobals) = postSolution
		SolutionGuid = {B8BCA88B-40EE-4199-BDA4-960E43BDEC08}
	EndGlobalSection
EndGlobal
